
Microsoft Visual Studio Solution File, Format Version 12.00
# Visual Studio Version 17
VisualStudioVersion = 17.8.34309.116
MinimumVisualStudioVersion = 10.0.40219.1
Project("{FAE04EC0-301F-11D3-BF4B-00C04F79EFBC}") = "ConsoleApp1", "ConsoleApp1\ConsoleApp1.csproj", "{BCBF1F47-79E9-45D3-A01E-C481BC726B10}"
EndProject
Global
	GlobalSection(SolutionConfigurationPlatforms) = preSolution
		Debug|Any CPU = Debug|Any CPU
		Release|Any CPU = Release|Any CPU
	EndGlobalSection
	GlobalSection(ProjectConfigurationPlatforms) = postSolution
		{BCBF1F47-79E9-45D3-A01E-C481BC726B10}.Debug|Any CPU.ActiveCfg = Debug|Any CPU
		{BCBF1F47-79E9-45D3-A01E-C481BC726B10}.Debug|Any CPU.Build.0 = Debug|Any CPU
		{BCBF1F47-79E9-45D3-A01E-C481BC726B10}.Release|Any CPU.ActiveCfg = Release|Any CPU
		{BCBF1F47-79E9-45D3-A01E-C481BC726B10}.Release|Any CPU.Build.0 = Release|Any CPU
	EndGlobalSection
	GlobalSection(SolutionProperties) = preSolution
		HideSolutionNode = FALSE
	EndGlobalSection
	GlobalSection(ExtensibilityGlobals) = postSolution
		SolutionGuid = {84B399EA-F251-43E8-8726-99213255BD2C}
	EndGlobalSection
EndGlobal
